// !$*UTF8*$!
{
	archiveVersion = 1;
	classes = {
	};
	objectVersion = 50;
	objects = {

/* Begin PBXBuildFile section */
		E953F7D22626697B0056B18B /* AppDelegate.swift in Sources */ = {isa = PBXBuildFile; fileRef = E953F7D12626697B0056B18B /* AppDelegate.swift */; };
		E953F7D42626697B0056B18B /* SceneDelegate.swift in Sources */ = {isa = PBXBuildFile; fileRef = E953F7D32626697B0056B18B /* SceneDelegate.swift */; };
		E953F7D62626697B0056B18B /* ContentView.swift in Sources */ = {isa = PBXBuildFile; fileRef = E953F7D52626697B0056B18B /* ContentView.swift */; };
		E953F7D82626697E0056B18B /* Assets.xcassets in Resources */ = {isa = PBXBuildFile; fileRef = E953F7D72626697E0056B18B /* Assets.xcassets */; };
		E953F7DB2626697E0056B18B /* Preview Assets.xcassets in Resources */ = {isa = PBXBuildFile; fileRef = E953F7DA2626697E0056B18B /* Preview Assets.xcassets */; };
		E953F7DE2626697E0056B18B /* LaunchScreen.storyboard in Resources */ = {isa = PBXBuildFile; fileRef = E953F7DC2626697E0056B18B /* LaunchScreen.storyboard */; };
		E953F7E826266B970056B18B /* Pacifico-Regular.ttf in Resources */ = {isa = PBXBuildFile; fileRef = E953F7E726266B970056B18B /* Pacifico-Regular.ttf */; };
		E953F7EB262675420056B18B /* InfoView.swift in Sources */ = {isa = PBXBuildFile; fileRef = E953F7EA262675420056B18B /* InfoView.swift */; };
/* End PBXBuildFile section */

/* Begin PBXFileReference section */
		E953F7CE2626697B0056B18B /* BusinessCardSwiftUI.app */ = {isa = PBXFileReference; explicitFileType = wrapper.application; includeInIndex = 0; path = BusinessCardSwiftUI.app; sourceTree = BUILT_PRODUCTS_DIR; };
		E953F7D12626697B0056B18B /* AppDelegate.swift */ = {isa = PBXFileReference; lastKnownFileType = sourcecode.swift; path = AppDelegate.swift; sourceTree = "<group>"; };
		E953F7D32626697B0056B18B /* SceneDelegate.swift */ = {isa = PBXFileReference; lastKnownFileType = sourcecode.swift; path = SceneDelegate.swift; sourceTree = "<group>"; };
		E953F7D52626697B0056B18B /* ContentView.swift */ = {isa = PBXFileReference; lastKnownFileType = sourcecode.swift; path = ContentView.swift; sourceTree = "<group>"; };
		E953F7D72626697E0056B18B /* Assets.xcassets */ = {isa = PBXFileReference; lastKnownFileType = folder.assetcatalog; path = Assets.xcassets; sourceTree = "<group>"; };
		E953F7DA2626697E0056B18B /* Preview Assets.xcassets */ = {isa = PBXFileReference; lastKnownFileType = folder.assetcatalog; path = "Preview Assets.xcassets"; sourceTree = "<group>"; };
		E953F7DD2626697E0056B18B /* Base */ = {isa = PBXFileReference; lastKnownFileType = file.storyboard; name = Base; path = Base.lproj/LaunchScreen.storyboard; sourceTree = "<group>"; };
		E953F7DF2626697E0056B18B /* Info.plist */ = {isa = PBXFileReference; lastKnownFileType = text.plist.xml; path = Info.plist; sourceTree = "<group>"; };
		E953F7E726266B970056B18B /* Pacifico-Regular.ttf */ = {isa = PBXFileReference; lastKnownFileType = file; path = "Pacifico-Regular.ttf"; sourceTree = "<group>"; };
		E953F7EA262675420056B18B /* InfoView.swift */ = {isa = PBXFileReference; lastKnownFileType = sourcecode.swift; path = InfoView.swift; sourceTree = "<group>"; };
/* End PBXFileReference section */

/* Begin PBXFrameworksBuildPhase section */
		E953F7CB2626697B0056B18B /* Frameworks */ = {
			isa = PBXFrameworksBuildPhase;
			buildActionMask = 2147483647;
			files = (
			);
			runOnlyForDeploymentPostprocessing = 0;
		};
/* End PBXFrameworksBuildPhase section */

/* Begin PBXGroup section */
		E953F7C52626697B0056B18B = {
			isa = PBXGroup;
			children = (
				E953F7D02626697B0056B18B /* BusinessCardSwiftUI */,
				E953F7CF2626697B0056B18B /* Products */,
			);
			sourceTree = "<group>";
		};
		E953F7CF2626697B0056B18B /* Products */ = {
			isa = PBXGroup;
			children = (
				E953F7CE2626697B0056B18B /* BusinessCardSwiftUI.app */,
			);
			name = Products;
			sourceTree = "<group>";
		};
		E953F7D02626697B0056B18B /* BusinessCardSwiftUI */ = {
			isa = PBXGroup;
			children = (
				E953F7E626266B860056B18B /* Font */,
				E953F7D12626697B0056B18B /* AppDelegate.swift */,
				E953F7D32626697B0056B18B /* SceneDelegate.swift */,
				E953F7D52626697B0056B18B /* ContentView.swift */,
				E953F7EA262675420056B18B /* InfoView.swift */,
				E953F7D72626697E0056B18B /* Assets.xcassets */,
				E953F7DC2626697E0056B18B /* LaunchScreen.storyboard */,
				E953F7DF2626697E0056B18B /* Info.plist */,
				E953F7D92626697E0056B18B /* Preview Content */,
			);
			path = BusinessCardSwiftUI;
			sourceTree = "<group>";
		};
		E953F7D92626697E0056B18B /* Preview Content */ = {
			isa = PBXGroup;
			children = (
				E953F7DA2626697E0056B18B /* Preview Assets.xcassets */,
			);
			path = "Preview Content";
			sourceTree = "<group>";
		};
		E953F7E626266B860056B18B /* Font */ = {
			isa = PBXGroup;
			children = (
				E953F7E726266B970056B18B /* Pacifico-Regular.ttf */,
			);
			path = Font;
			sourceTree = "<group>";
		};
/* End PBXGroup section */

/* Begin PBXNativeTarget section */
		E953F7CD2626697B0056B18B /* BusinessCardSwiftUI */ = {
			isa = PBXNativeTarget;
			buildConfigurationList = E953F7E22626697E0056B18B /* Build configuration list for PBXNativeTarget "BusinessCardSwiftUI" */;
			buildPhases = (
				E953F7CA2626697B0056B18B /* Sources */,
				E953F7CB2626697B0056B18B /* Frameworks */,
				E953F7CC2626697B0056B18B /* Resources */,
			);
			buildRules = (
			);
			dependencies = (
			);
			name = BusinessCardSwiftUI;
			productName = BusinessCardSwiftUI;
			productReference = E953F7CE2626697B0056B18B /* BusinessCardSwiftUI.app */;
			productType = "com.apple.product-type.application";
		};
/* End PBXNativeTarget section */

/* Begin PBXProject section */
		E953F7C62626697B0056B18B /* Project object */ = {
			isa = PBXProject;
			attributes = {
				LastSwiftUpdateCheck = 1240;
				LastUpgradeCheck = 1240;
				TargetAttributes = {
					E953F7CD2626697B0056B18B = {
						CreatedOnToolsVersion = 12.4;
					};
				};
			};
			buildConfigurationList = E953F7C92626697B0056B18B /* Build configuration list for PBXProject "BusinessCardSwiftUI" */;
			compatibilityVersion = "Xcode 9.3";
			developmentRegion = en;
			hasScannedForEncodings = 0;
			knownRegions = (
				en,
				Base,
			);
			mainGroup = E953F7C52626697B0056B18B;
			productRefGroup = E953F7CF2626697B0056B18B /* Products */;
			projectDirPath = "";
			projectRoot = "";
			targets = (
				E953F7CD2626697B0056B18B /* BusinessCardSwiftUI */,
			);
		};
/* End PBXProject section */

/* Begin PBXResourcesBuildPhase section */
		E953F7CC2626697B0056B18B /* Resources */ = {
			isa = PBXResourcesBuildPhase;
			buildActionMask = 2147483647;
			files = (
				E953F7DE2626697E0056B18B /* LaunchScreen.storyboard in Resources */,
				E953F7E826266B970056B18B /* Pacifico-Regular.ttf in Resources */,
				E953F7DB2626697E0056B18B /* Preview Assets.xcassets in Resources */,
				E953F7D82626697E0056B18B /* Assets.xcassets in Resources */,
			);
			runOnlyForDeploymentPostprocessing = 0;
		};
/* End PBXResourcesBuildPhase section */

/* Begin PBXSourcesBuildPhase section */
		E953F7CA2626697B0056B18B /* Sources */ = {
			isa = PBXSourcesBuildPhase;
			buildActionMask = 2147483647;
			files = (
				E953F7EB262675420056B18B /* InfoView.swift in Sources */,
				E953F7D22626697B0056B18B /* AppDelegate.swift in Sources */,
				E953F7D42626697B0056B18B /* SceneDelegate.swift in Sources */,
				E953F7D62626697B0056B18B /* ContentView.swift in Sources */,
			);
			runOnlyForDeploymentPostprocessing = 0;
		};
/* End PBXSourcesBuildPhase section */

/* Begin PBXVariantGroup section */
		E953F7DC2626697E0056B18B /* LaunchScreen.storyboard */ = {
			isa = PBXVariantGroup;
			children = (
				E953F7DD2626697E0056B18B /* Base */,
			);
			name = LaunchScreen.storyboard;
			sourceTree = "<group>";
		};
/* End PBXVariantGroup section */

/* Begin XCBuildConfiguration section */
		E953F7E02626697E0056B18B /* Debug */ = {
			isa = XCBuildConfiguration;
			buildSettings = {
				ALWAYS_SEARCH_USER_PATHS = NO;
				CLANG_ANALYZER_NONNULL = YES;
				CLANG_ANALYZER_NUMBER_OBJECT_CONVERSION = YES_AGGRESSIVE;
				CLANG_CXX_LANGUAGE_STANDARD = "gnu++14";
				CLANG_CXX_LIBRARY = "libc++";
				CLANG_ENABLE_MODULES = YES;
				CLANG_ENABLE_OBJC_ARC = YES;
				CLANG_ENABLE_OBJC_WEAK = YES;
				CLANG_WARN_BLOCK_CAPTURE_AUTORELEASING = YES;
				CLANG_WARN_BOOL_CONVERSION = YES;
				CLANG_WARN_COMMA = YES;
				CLANG_WARN_CONSTANT_CONVERSION = YES;
				CLANG_WARN_DEPRECATED_OBJC_IMPLEMENTATIONS = YES;
				CLANG_WARN_DIRECT_OBJC_ISA_USAGE = YES_ERROR;
				CLANG_WARN_DOCUMENTATION_COMMENTS = YES;
				CLANG_WARN_EMPTY_BODY = YES;
				CLANG_WARN_ENUM_CONVERSION = YES;
				CLANG_WARN_INFINITE_RECURSION = YES;
				CLANG_WARN_INT_CONVERSION = YES;
				CLANG_WARN_NON_LITERAL_NULL_CONVERSION = YES;
				CLANG_WARN_OBJC_IMPLICIT_RETAIN_SELF = YES;
				CLANG_WARN_OBJC_LITERAL_CONVERSION = YES;
				CLANG_WARN_OBJC_ROOT_CLASS = YES_ERROR;
				CLANG_WARN_QUOTED_INCLUDE_IN_FRAMEWORK_HEADER = YES;
				CLANG_WARN_RANGE_LOOP_ANALYSIS = YES;
				CLANG_WARN_STRICT_PROTOTYPES = YES;
				CLANG_WARN_SUSPICIOUS_MOVE = YES;
				CLANG_WARN_UNGUARDED_AVAILABILITY = YES_AGGRESSIVE;
				CLANG_WARN_UNREACHABLE_CODE = YES;
				CLANG_WARN__DUPLICATE_METHOD_MATCH = YES;
				COPY_PHASE_STRIP = NO;
				DEBUG_INFORMATION_FORMAT = dwarf;
				ENABLE_STRICT_OBJC_MSGSEND = YES;
				ENABLE_TESTABILITY = YES;
				GCC_C_LANGUAGE_STANDARD = gnu11;
				GCC_DYNAMIC_NO_PIC = NO;
				GCC_NO_COMMON_BLOCKS = YES;
				GCC_OPTIMIZATION_LEVEL = 0;
				GCC_PREPROCESSOR_DEFINITIONS = (
					"DEBUG=1",
					"$(inherited)",
				);
				GCC_WARN_64_TO_32_BIT_CONVERSION = YES;
				GCC_WARN_ABOUT_RETURN_TYPE = YES_ERROR;
				GCC_WARN_UNDECLARED_SELECTOR = YES;
				GCC_WARN_UNINITIALIZED_AUTOS = YES_AGGRESSIVE;
				GCC_WARN_UNUSED_FUNCTION = YES;
				GCC_WARN_UNUSED_VARIABLE = YES;
				IPHONEOS_DEPLOYMENT_TARGET = 14.4;
				MTL_ENABLE_DEBUG_INFO = INCLUDE_SOURCE;
				MTL_FAST_MATH = YES;
				ONLY_ACTIVE_ARCH = YES;
				SDKROOT = iphoneos;
				SWIFT_ACTIVE_COMPILATION_CONDITIONS = DEBUG;
				SWIFT_OPTIMIZATION_LEVEL = "-Onone";
			};
			name = Debug;
		};
		E953F7E12626697E0056B18B /* Release */ = {
			isa = XCBuildConfiguration;
			buildSettings = {
				ALWAYS_SEARCH_USER_PATHS = NO;
				CLANG_ANALYZER_NONNULL = YES;
				CLANG_ANALYZER_NUMBER_OBJECT_CONVERSION = YES_AGGRESSIVE;
				CLANG_CXX_LANGUAGE_STANDARD = "gnu++14";
				CLANG_CXX_LIBRARY = "libc++";
				CLANG_ENABLE_MODULES = YES;
				CLANG_ENABLE_OBJC_ARC = YES;
				CLANG_ENABLE_OBJC_WEAK = YES;
				CLANG_WARN_BLOCK_CAPTURE_AUTORELEASING = YES;
				CLANG_WARN_BOOL_CONVERSION = YES;
				CLANG_WARN_COMMA = YES;
				CLANG_WARN_CONSTANT_CONVERSION = YES;
				CLANG_WARN_DEPRECATED_OBJC_IMPLEMENTATIONS = YES;
				CLANG_WARN_DIRECT_OBJC_ISA_USAGE = YES_ERROR;
				CLANG_WARN_DOCUMENTATION_COMMENTS = YES;
				CLANG_WARN_EMPTY_BODY = YES;
				CLANG_WARN_ENUM_CONVERSION = YES;
				CLANG_WARN_INFINITE_RECURSION = YES;
				CLANG_WARN_INT_CONVERSION = YES;
				CLANG_WARN_NON_LITERAL_NULL_CONVERSION = YES;
				CLANG_WARN_OBJC_IMPLICIT_RETAIN_SELF = YES;
				CLANG_WARN_OBJC_LITERAL_CONVERSION = YES;
				CLANG_WARN_OBJC_ROOT_CLASS = YES_ERROR;
				CLANG_WARN_QUOTED_INCLUDE_IN_FRAMEWORK_HEADER = YES;
				CLANG_WARN_RANGE_LOOP_ANALYSIS = YES;
				CLANG_WARN_STRICT_PROTOTYPES = YES;
				CLANG_WARN_SUSPICIOUS_MOVE = YES;
				CLANG_WARN_UNGUARDED_AVAILABILITY = YES_AGGRESSIVE;
				CLANG_WARN_UNREACHABLE_CODE = YES;
				CLANG_WARN__DUPLICATE_METHOD_MATCH = YES;
				COPY_PHASE_STRIP = NO;
				DEBUG_INFORMATION_FORMAT = "dwarf-with-dsym";
				ENABLE_NS_ASSERTIONS = NO;
				ENABLE_STRICT_OBJC_MSGSEND = YES;
				GCC_C_LANGUAGE_STANDARD = gnu11;
				GCC_NO_COMMON_BLOCKS = YES;
				GCC_WARN_64_TO_32_BIT_CONVERSION = YES;
				GCC_WARN_ABOUT_RETURN_TYPE = YES_ERROR;
				GCC_WARN_UNDECLARED_SELECTOR = YES;
				GCC_WARN_UNINITIALIZED_AUTOS = YES_AGGRESSIVE;
				GCC_WARN_UNUSED_FUNCTION = YES;
				GCC_WARN_UNUSED_VARIABLE = YES;
				IPHONEOS_DEPLOYMENT_TARGET = 14.4;
				MTL_ENABLE_DEBUG_INFO = NO;
				MTL_FAST_MATH = YES;
				SDKROOT = iphoneos;
				SWIFT_COMPILATION_MODE = wholemodule;
				SWIFT_OPTIMIZATION_LEVEL = "-O";
				VALIDATE_PRODUCT = YES;
			};
			name = Release;
		};
		E953F7E32626697E0056B18B /* Debug */ = {
			isa = XCBuildConfiguration;
			buildSettings = {
				ASSETCATALOG_COMPILER_APPICON_NAME = AppIcon;
				ASSETCATALOG_COMPILER_GLOBAL_ACCENT_COLOR_NAME = AccentColor;
				CODE_SIGN_STYLE = Automatic;
				DEVELOPMENT_ASSET_PATHS = "\"BusinessCardSwiftUI/Preview Content\"";
				DEVELOPMENT_TEAM = 66KWL72M4W;
				ENABLE_PREVIEWS = YES;
				INFOPLIST_FILE = BusinessCardSwiftUI/Info.plist;
				LD_RUNPATH_SEARCH_PATHS = (
					"$(inherited)",
					"@executable_path/Frameworks",
				);
				PRODUCT_BUNDLE_IDENTIFIER = com.kurtishoang.BusinessCardSwiftUI;
				PRODUCT_NAME = "$(TARGET_NAME)";
				SWIFT_VERSION = 5.0;
				TARGETED_DEVICE_FAMILY = "1,2";
			};
			name = Debug;
		};
		E953F7E42626697E0056B18B /* Release */ = {
			isa = XCBuildConfiguration;
			buildSettings = {
				ASSETCATALOG_COMPILER_APPICON_NAME = AppIcon;
				ASSETCATALOG_COMPILER_GLOBAL_ACCENT_COLOR_NAME = AccentColor;
				CODE_SIGN_STYLE = Automatic;
				DEVELOPMENT_ASSET_PATHS = "\"BusinessCardSwiftUI/Preview Content\"";
				DEVELOPMENT_TEAM = 66KWL72M4W;
				ENABLE_PREVIEWS = YES;
				INFOPLIST_FILE = BusinessCardSwiftUI/Info.plist;
				LD_RUNPATH_SEARCH_PATHS = (
					"$(inherited)",
					"@executable_path/Frameworks",
				);
				PRODUCT_BUNDLE_IDENTIFIER = com.kurtishoang.BusinessCardSwiftUI;
				PRODUCT_NAME = "$(TARGET_NAME)";
				SWIFT_VERSION = 5.0;
				TARGETED_DEVICE_FAMILY = "1,2";
			};
			name = Release;
		};
/* End XCBuildConfiguration section */

/* Begin XCConfigurationList section */
		E953F7C92626697B0056B18B /* Build configuration list for PBXProject "BusinessCardSwiftUI" */ = {
			isa = XCConfigurationList;
			buildConfigurations = (
				E953F7E02626697E0056B18B /* Debug */,
				E953F7E12626697E0056B18B /* Release */,
			);
			defaultConfigurationIsVisible = 0;
			defaultConfigurationName = Release;
		};
		E953F7E22626697E0056B18B /* Build configuration list for PBXNativeTarget "BusinessCardSwiftUI" */ = {
			isa = XCConfigurationList;
			buildConfigurations = (
				E953F7E32626697E0056B18B /* Debug */,
				E953F7E42626697E0056B18B /* Release */,
			);
			defaultConfigurationIsVisible = 0;
			defaultConfigurationName = Release;
		};
/* End XCConfigurationList section */
	};
	rootObject = E953F7C62626697B0056B18B /* Project object */;
}
