// !$*UTF8*$!
{
	archiveVersion = 1;
	classes = {
	};
	objectVersion = 50;
	objects = {

/* Begin PBXBuildFile section */
		E91FCEE326165F60001AAF92 /* AppDelegate.swift in Sources */ = {isa = PBXBuildFile; fileRef = E91FCEE226165F60001AAF92 /* AppDelegate.swift */; };
		E91FCEE526165F60001AAF92 /* SceneDelegate.swift in Sources */ = {isa = PBXBuildFile; fileRef = E91FCEE426165F60001AAF92 /* SceneDelegate.swift */; };
		E91FCEE726165F60001AAF92 /* ViewController.swift in Sources */ = {isa = PBXBuildFile; fileRef = E91FCEE626165F60001AAF92 /* ViewController.swift */; };
		E91FCEEA26165F60001AAF92 /* Main.storyboard in Resources */ = {isa = PBXBuildFile; fileRef = E91FCEE826165F60001AAF92 /* Main.storyboard */; };
		E91FCEEC26165F62001AAF92 /* Assets.xcassets in Resources */ = {isa = PBXBuildFile; fileRef = E91FCEEB26165F62001AAF92 /* Assets.xcassets */; };
		E91FCEEF26165F62001AAF92 /* LaunchScreen.storyboard in Resources */ = {isa = PBXBuildFile; fileRef = E91FCEED26165F62001AAF92 /* LaunchScreen.storyboard */; };
		E91FCF0726167428001AAF92 /* A.wav in Resources */ = {isa = PBXBuildFile; fileRef = E91FCF0626167428001AAF92 /* A.wav */; };
		E91FCF0F26167438001AAF92 /* C.wav in Resources */ = {isa = PBXBuildFile; fileRef = E91FCF0926167438001AAF92 /* C.wav */; };
		E91FCF1026167438001AAF92 /* F.wav in Resources */ = {isa = PBXBuildFile; fileRef = E91FCF0A26167438001AAF92 /* F.wav */; };
		E91FCF1126167438001AAF92 /* G.wav in Resources */ = {isa = PBXBuildFile; fileRef = E91FCF0B26167438001AAF92 /* G.wav */; };
		E91FCF1226167438001AAF92 /* E.wav in Resources */ = {isa = PBXBuildFile; fileRef = E91FCF0C26167438001AAF92 /* E.wav */; };
		E91FCF1326167438001AAF92 /* D.wav in Resources */ = {isa = PBXBuildFile; fileRef = E91FCF0D26167438001AAF92 /* D.wav */; };
		E91FCF1426167438001AAF92 /* B.wav in Resources */ = {isa = PBXBuildFile; fileRef = E91FCF0E26167438001AAF92 /* B.wav */; };
/* End PBXBuildFile section */

/* Begin PBXFileReference section */
		E91FCEDF26165F60001AAF92 /* Xylophone.app */ = {isa = PBXFileReference; explicitFileType = wrapper.application; includeInIndex = 0; path = Xylophone.app; sourceTree = BUILT_PRODUCTS_DIR; };
		E91FCEE226165F60001AAF92 /* AppDelegate.swift */ = {isa = PBXFileReference; lastKnownFileType = sourcecode.swift; path = AppDelegate.swift; sourceTree = "<group>"; };
		E91FCEE426165F60001AAF92 /* SceneDelegate.swift */ = {isa = PBXFileReference; lastKnownFileType = sourcecode.swift; path = SceneDelegate.swift; sourceTree = "<group>"; };
		E91FCEE626165F60001AAF92 /* ViewController.swift */ = {isa = PBXFileReference; lastKnownFileType = sourcecode.swift; path = ViewController.swift; sourceTree = "<group>"; };
		E91FCEE926165F60001AAF92 /* Base */ = {isa = PBXFileReference; lastKnownFileType = file.storyboard; name = Base; path = Base.lproj/Main.storyboard; sourceTree = "<group>"; };
		E91FCEEB26165F62001AAF92 /* Assets.xcassets */ = {isa = PBXFileReference; lastKnownFileType = folder.assetcatalog; path = Assets.xcassets; sourceTree = "<group>"; };
		E91FCEEE26165F62001AAF92 /* Base */ = {isa = PBXFileReference; lastKnownFileType = file.storyboard; name = Base; path = Base.lproj/LaunchScreen.storyboard; sourceTree = "<group>"; };
		E91FCEF026165F62001AAF92 /* Info.plist */ = {isa = PBXFileReference; lastKnownFileType = text.plist.xml; path = Info.plist; sourceTree = "<group>"; };
		E91FCF0626167428001AAF92 /* A.wav */ = {isa = PBXFileReference; lastKnownFileType = audio.wav; path = A.wav; sourceTree = "<group>"; };
		E91FCF0926167438001AAF92 /* C.wav */ = {isa = PBXFileReference; lastKnownFileType = audio.wav; path = C.wav; sourceTree = "<group>"; };
		E91FCF0A26167438001AAF92 /* F.wav */ = {isa = PBXFileReference; lastKnownFileType = audio.wav; path = F.wav; sourceTree = "<group>"; };
		E91FCF0B26167438001AAF92 /* G.wav */ = {isa = PBXFileReference; lastKnownFileType = audio.wav; path = G.wav; sourceTree = "<group>"; };
		E91FCF0C26167438001AAF92 /* E.wav */ = {isa = PBXFileReference; lastKnownFileType = audio.wav; path = E.wav; sourceTree = "<group>"; };
		E91FCF0D26167438001AAF92 /* D.wav */ = {isa = PBXFileReference; lastKnownFileType = audio.wav; path = D.wav; sourceTree = "<group>"; };
		E91FCF0E26167438001AAF92 /* B.wav */ = {isa = PBXFileReference; lastKnownFileType = audio.wav; path = B.wav; sourceTree = "<group>"; };
/* End PBXFileReference section */

/* Begin PBXFrameworksBuildPhase section */
		E91FCEDC26165F60001AAF92 /* Frameworks */ = {
			isa = PBXFrameworksBuildPhase;
			buildActionMask = 2147483647;
			files = (
			);
			runOnlyForDeploymentPostprocessing = 0;
		};
/* End PBXFrameworksBuildPhase section */

/* Begin PBXGroup section */
		E91FCED626165F60001AAF92 = {
			isa = PBXGroup;
			children = (
				E91FCEE126165F60001AAF92 /* Xylophone */,
				E91FCEE026165F60001AAF92 /* Products */,
			);
			sourceTree = "<group>";
		};
		E91FCEE026165F60001AAF92 /* Products */ = {
			isa = PBXGroup;
			children = (
				E91FCEDF26165F60001AAF92 /* Xylophone.app */,
			);
			name = Products;
			sourceTree = "<group>";
		};
		E91FCEE126165F60001AAF92 /* Xylophone */ = {
			isa = PBXGroup;
			children = (
				E91FCEE226165F60001AAF92 /* AppDelegate.swift */,
				E91FCEE426165F60001AAF92 /* SceneDelegate.swift */,
				E91FCEE626165F60001AAF92 /* ViewController.swift */,
				E91FCEE826165F60001AAF92 /* Main.storyboard */,
				E91FCEEB26165F62001AAF92 /* Assets.xcassets */,
				E91FCEED26165F62001AAF92 /* LaunchScreen.storyboard */,
				E91FCEF026165F62001AAF92 /* Info.plist */,
				E91FCF04261673A0001AAF92 /* Sounds */,
			);
			path = Xylophone;
			sourceTree = "<group>";
		};
		E91FCF04261673A0001AAF92 /* Sounds */ = {
			isa = PBXGroup;
			children = (
				E91FCF0E26167438001AAF92 /* B.wav */,
				E91FCF0926167438001AAF92 /* C.wav */,
				E91FCF0D26167438001AAF92 /* D.wav */,
				E91FCF0C26167438001AAF92 /* E.wav */,
				E91FCF0A26167438001AAF92 /* F.wav */,
				E91FCF0B26167438001AAF92 /* G.wav */,
				E91FCF0626167428001AAF92 /* A.wav */,
			);
			path = Sounds;
			sourceTree = "<group>";
		};
/* End PBXGroup section */

/* Begin PBXNativeTarget section */
		E91FCEDE26165F60001AAF92 /* Xylophone */ = {
			isa = PBXNativeTarget;
			buildConfigurationList = E91FCEF326165F62001AAF92 /* Build configuration list for PBXNativeTarget "Xylophone" */;
			buildPhases = (
				E91FCEDB26165F60001AAF92 /* Sources */,
				E91FCEDC26165F60001AAF92 /* Frameworks */,
				E91FCEDD26165F60001AAF92 /* Resources */,
			);
			buildRules = (
			);
			dependencies = (
			);
			name = Xylophone;
			productName = Xylophone;
			productReference = E91FCEDF26165F60001AAF92 /* Xylophone.app */;
			productType = "com.apple.product-type.application";
		};
/* End PBXNativeTarget section */

/* Begin PBXProject section */
		E91FCED726165F60001AAF92 /* Project object */ = {
			isa = PBXProject;
			attributes = {
				LastSwiftUpdateCheck = 1240;
				LastUpgradeCheck = 1240;
				TargetAttributes = {
					E91FCEDE26165F60001AAF92 = {
						CreatedOnToolsVersion = 12.4;
					};
				};
			};
			buildConfigurationList = E91FCEDA26165F60001AAF92 /* Build configuration list for PBXProject "Xylophone" */;
			compatibilityVersion = "Xcode 9.3";
			developmentRegion = en;
			hasScannedForEncodings = 0;
			knownRegions = (
				en,
				Base,
			);
			mainGroup = E91FCED626165F60001AAF92;
			productRefGroup = E91FCEE026165F60001AAF92 /* Products */;
			projectDirPath = "";
			projectRoot = "";
			targets = (
				E91FCEDE26165F60001AAF92 /* Xylophone */,
			);
		};
/* End PBXProject section */

/* Begin PBXResourcesBuildPhase section */
		E91FCEDD26165F60001AAF92 /* Resources */ = {
			isa = PBXResourcesBuildPhase;
			buildActionMask = 2147483647;
			files = (
				E91FCF1326167438001AAF92 /* D.wav in Resources */,
				E91FCF1426167438001AAF92 /* B.wav in Resources */,
				E91FCEEF26165F62001AAF92 /* LaunchScreen.storyboard in Resources */,
				E91FCEEC26165F62001AAF92 /* Assets.xcassets in Resources */,
				E91FCF0726167428001AAF92 /* A.wav in Resources */,
				E91FCF1026167438001AAF92 /* F.wav in Resources */,
				E91FCF1126167438001AAF92 /* G.wav in Resources */,
				E91FCEEA26165F60001AAF92 /* Main.storyboard in Resources */,
				E91FCF1226167438001AAF92 /* E.wav in Resources */,
				E91FCF0F26167438001AAF92 /* C.wav in Resources */,
			);
			runOnlyForDeploymentPostprocessing = 0;
		};
/* End PBXResourcesBuildPhase section */

/* Begin PBXSourcesBuildPhase section */
		E91FCEDB26165F60001AAF92 /* Sources */ = {
			isa = PBXSourcesBuildPhase;
			buildActionMask = 2147483647;
			files = (
				E91FCEE726165F60001AAF92 /* ViewController.swift in Sources */,
				E91FCEE326165F60001AAF92 /* AppDelegate.swift in Sources */,
				E91FCEE526165F60001AAF92 /* SceneDelegate.swift in Sources */,
			);
			runOnlyForDeploymentPostprocessing = 0;
		};
/* End PBXSourcesBuildPhase section */

/* Begin PBXVariantGroup section */
		E91FCEE826165F60001AAF92 /* Main.storyboard */ = {
			isa = PBXVariantGroup;
			children = (
				E91FCEE926165F60001AAF92 /* Base */,
			);
			name = Main.storyboard;
			sourceTree = "<group>";
		};
		E91FCEED26165F62001AAF92 /* LaunchScreen.storyboard */ = {
			isa = PBXVariantGroup;
			children = (
				E91FCEEE26165F62001AAF92 /* Base */,
			);
			name = LaunchScreen.storyboard;
			sourceTree = "<group>";
		};
/* End PBXVariantGroup section */

/* Begin XCBuildConfiguration section */
		E91FCEF126165F62001AAF92 /* Debug */ = {
			isa = XCBuildConfiguration;
			buildSettings = {
				ALWAYS_SEARCH_USER_PATHS = NO;
				CLANG_ANALYZER_NONNULL = YES;
				CLANG_ANALYZER_NUMBER_OBJECT_CONVERSION = YES_AGGRESSIVE;
				CLANG_CXX_LANGUAGE_STANDARD = "gnu++14";
				CLANG_CXX_LIBRARY = "libc++";
				CLANG_ENABLE_MODULES = YES;
				CLANG_ENABLE_OBJC_ARC = YES;
				CLANG_ENABLE_OBJC_WEAK = YES;
				CLANG_WARN_BLOCK_CAPTURE_AUTORELEASING = YES;
				CLANG_WARN_BOOL_CONVERSION = YES;
				CLANG_WARN_COMMA = YES;
				CLANG_WARN_CONSTANT_CONVERSION = YES;
				CLANG_WARN_DEPRECATED_OBJC_IMPLEMENTATIONS = YES;
				CLANG_WARN_DIRECT_OBJC_ISA_USAGE = YES_ERROR;
				CLANG_WARN_DOCUMENTATION_COMMENTS = YES;
				CLANG_WARN_EMPTY_BODY = YES;
				CLANG_WARN_ENUM_CONVERSION = YES;
				CLANG_WARN_INFINITE_RECURSION = YES;
				CLANG_WARN_INT_CONVERSION = YES;
				CLANG_WARN_NON_LITERAL_NULL_CONVERSION = YES;
				CLANG_WARN_OBJC_IMPLICIT_RETAIN_SELF = YES;
				CLANG_WARN_OBJC_LITERAL_CONVERSION = YES;
				CLANG_WARN_OBJC_ROOT_CLASS = YES_ERROR;
				CLANG_WARN_QUOTED_INCLUDE_IN_FRAMEWORK_HEADER = YES;
				CLANG_WARN_RANGE_LOOP_ANALYSIS = YES;
				CLANG_WARN_STRICT_PROTOTYPES = YES;
				CLANG_WARN_SUSPICIOUS_MOVE = YES;
				CLANG_WARN_UNGUARDED_AVAILABILITY = YES_AGGRESSIVE;
				CLANG_WARN_UNREACHABLE_CODE = YES;
				CLANG_WARN__DUPLICATE_METHOD_MATCH = YES;
				COPY_PHASE_STRIP = NO;
				DEBUG_INFORMATION_FORMAT = dwarf;
				ENABLE_STRICT_OBJC_MSGSEND = YES;
				ENABLE_TESTABILITY = YES;
				GCC_C_LANGUAGE_STANDARD = gnu11;
				GCC_DYNAMIC_NO_PIC = NO;
				GCC_NO_COMMON_BLOCKS = YES;
				GCC_OPTIMIZATION_LEVEL = 0;
				GCC_PREPROCESSOR_DEFINITIONS = (
					"DEBUG=1",
					"$(inherited)",
				);
				GCC_WARN_64_TO_32_BIT_CONVERSION = YES;
				GCC_WARN_ABOUT_RETURN_TYPE = YES_ERROR;
				GCC_WARN_UNDECLARED_SELECTOR = YES;
				GCC_WARN_UNINITIALIZED_AUTOS = YES_AGGRESSIVE;
				GCC_WARN_UNUSED_FUNCTION = YES;
				GCC_WARN_UNUSED_VARIABLE = YES;
				IPHONEOS_DEPLOYMENT_TARGET = 14.4;
				MTL_ENABLE_DEBUG_INFO = INCLUDE_SOURCE;
				MTL_FAST_MATH = YES;
				ONLY_ACTIVE_ARCH = YES;
				SDKROOT = iphoneos;
				SWIFT_ACTIVE_COMPILATION_CONDITIONS = DEBUG;
				SWIFT_OPTIMIZATION_LEVEL = "-Onone";
			};
			name = Debug;
		};
		E91FCEF226165F62001AAF92 /* Release */ = {
			isa = XCBuildConfiguration;
			buildSettings = {
				ALWAYS_SEARCH_USER_PATHS = NO;
				CLANG_ANALYZER_NONNULL = YES;
				CLANG_ANALYZER_NUMBER_OBJECT_CONVERSION = YES_AGGRESSIVE;
				CLANG_CXX_LANGUAGE_STANDARD = "gnu++14";
				CLANG_CXX_LIBRARY = "libc++";
				CLANG_ENABLE_MODULES = YES;
				CLANG_ENABLE_OBJC_ARC = YES;
				CLANG_ENABLE_OBJC_WEAK = YES;
				CLANG_WARN_BLOCK_CAPTURE_AUTORELEASING = YES;
				CLANG_WARN_BOOL_CONVERSION = YES;
				CLANG_WARN_COMMA = YES;
				CLANG_WARN_CONSTANT_CONVERSION = YES;
				CLANG_WARN_DEPRECATED_OBJC_IMPLEMENTATIONS = YES;
				CLANG_WARN_DIRECT_OBJC_ISA_USAGE = YES_ERROR;
				CLANG_WARN_DOCUMENTATION_COMMENTS = YES;
				CLANG_WARN_EMPTY_BODY = YES;
				CLANG_WARN_ENUM_CONVERSION = YES;
				CLANG_WARN_INFINITE_RECURSION = YES;
				CLANG_WARN_INT_CONVERSION = YES;
				CLANG_WARN_NON_LITERAL_NULL_CONVERSION = YES;
				CLANG_WARN_OBJC_IMPLICIT_RETAIN_SELF = YES;
				CLANG_WARN_OBJC_LITERAL_CONVERSION = YES;
				CLANG_WARN_OBJC_ROOT_CLASS = YES_ERROR;
				CLANG_WARN_QUOTED_INCLUDE_IN_FRAMEWORK_HEADER = YES;
				CLANG_WARN_RANGE_LOOP_ANALYSIS = YES;
				CLANG_WARN_STRICT_PROTOTYPES = YES;
				CLANG_WARN_SUSPICIOUS_MOVE = YES;
				CLANG_WARN_UNGUARDED_AVAILABILITY = YES_AGGRESSIVE;
				CLANG_WARN_UNREACHABLE_CODE = YES;
				CLANG_WARN__DUPLICATE_METHOD_MATCH = YES;
				COPY_PHASE_STRIP = NO;
				DEBUG_INFORMATION_FORMAT = "dwarf-with-dsym";
				ENABLE_NS_ASSERTIONS = NO;
				ENABLE_STRICT_OBJC_MSGSEND = YES;
				GCC_C_LANGUAGE_STANDARD = gnu11;
				GCC_NO_COMMON_BLOCKS = YES;
				GCC_WARN_64_TO_32_BIT_CONVERSION = YES;
				GCC_WARN_ABOUT_RETURN_TYPE = YES_ERROR;
				GCC_WARN_UNDECLARED_SELECTOR = YES;
				GCC_WARN_UNINITIALIZED_AUTOS = YES_AGGRESSIVE;
				GCC_WARN_UNUSED_FUNCTION = YES;
				GCC_WARN_UNUSED_VARIABLE = YES;
				IPHONEOS_DEPLOYMENT_TARGET = 14.4;
				MTL_ENABLE_DEBUG_INFO = NO;
				MTL_FAST_MATH = YES;
				SDKROOT = iphoneos;
				SWIFT_COMPILATION_MODE = wholemodule;
				SWIFT_OPTIMIZATION_LEVEL = "-O";
				VALIDATE_PRODUCT = YES;
			};
			name = Release;
		};
		E91FCEF426165F62001AAF92 /* Debug */ = {
			isa = XCBuildConfiguration;
			buildSettings = {
				ASSETCATALOG_COMPILER_APPICON_NAME = AppIcon;
				ASSETCATALOG_COMPILER_GLOBAL_ACCENT_COLOR_NAME = AccentColor;
				CODE_SIGN_STYLE = Automatic;
				DEVELOPMENT_TEAM = 66KWL72M4W;
				INFOPLIST_FILE = Xylophone/Info.plist;
				LD_RUNPATH_SEARCH_PATHS = (
					"$(inherited)",
					"@executable_path/Frameworks",
				);
				PRODUCT_BUNDLE_IDENTIFIER = com.kurtishoang.Xylophone;
				PRODUCT_NAME = "$(TARGET_NAME)";
				SWIFT_VERSION = 5.0;
				TARGETED_DEVICE_FAMILY = "1,2";
			};
			name = Debug;
		};
		E91FCEF526165F62001AAF92 /* Release */ = {
			isa = XCBuildConfiguration;
			buildSettings = {
				ASSETCATALOG_COMPILER_APPICON_NAME = AppIcon;
				ASSETCATALOG_COMPILER_GLOBAL_ACCENT_COLOR_NAME = AccentColor;
				CODE_SIGN_STYLE = Automatic;
				DEVELOPMENT_TEAM = 66KWL72M4W;
				INFOPLIST_FILE = Xylophone/Info.plist;
				LD_RUNPATH_SEARCH_PATHS = (
					"$(inherited)",
					"@executable_path/Frameworks",
				);
				PRODUCT_BUNDLE_IDENTIFIER = com.kurtishoang.Xylophone;
				PRODUCT_NAME = "$(TARGET_NAME)";
				SWIFT_VERSION = 5.0;
				TARGETED_DEVICE_FAMILY = "1,2";
			};
			name = Release;
		};
/* End XCBuildConfiguration section */

/* Begin XCConfigurationList section */
		E91FCEDA26165F60001AAF92 /* Build configuration list for PBXProject "Xylophone" */ = {
			isa = XCConfigurationList;
			buildConfigurations = (
				E91FCEF126165F62001AAF92 /* Debug */,
				E91FCEF226165F62001AAF92 /* Release */,
			);
			defaultConfigurationIsVisible = 0;
			defaultConfigurationName = Release;
		};
		E91FCEF326165F62001AAF92 /* Build configuration list for PBXNativeTarget "Xylophone" */ = {
			isa = XCConfigurationList;
			buildConfigurations = (
				E91FCEF426165F62001AAF92 /* Debug */,
				E91FCEF526165F62001AAF92 /* Release */,
			);
			defaultConfigurationIsVisible = 0;
			defaultConfigurationName = Release;
		};
/* End XCConfigurationList section */
	};
	rootObject = E91FCED726165F60001AAF92 /* Project object */;
}
